
Microsoft Visual Studio Solution File, Format Version 12.00
# Visual Studio Version 16
VisualStudioVersion = 16.0.30316.234
MinimumVisualStudioVersion = 10.0.40219.1
Project("{9A19103F-16F7-4668-BE54-9A1E7A4F7556}") = "Kittitas", "Kittitas\Kittitas.csproj", "{2D19BCF1-192A-42FE-A6F9-600099E7CDF3}"
EndProject
Global
	GlobalSection(SolutionConfigurationPlatforms) = preSolution
		Debug|Any CPU = Debug|Any CPU
		Release|Any CPU = Release|Any CPU
	EndGlobalSection
	GlobalSection(ProjectConfigurationPlatforms) = postSolution
		{2D19BCF1-192A-42FE-A6F9-600099E7CDF3}.Debug|Any CPU.ActiveCfg = Debug|Any CPU
		{2D19BCF1-192A-42FE-A6F9-600099E7CDF3}.Debug|Any CPU.Build.0 = Debug|Any CPU
		{2D19BCF1-192A-42FE-A6F9-600099E7CDF3}.Release|Any CPU.ActiveCfg = Release|Any CPU
		{2D19BCF1-192A-42FE-A6F9-600099E7CDF3}.Release|Any CPU.Build.0 = Release|Any CPU
	EndGlobalSection
	GlobalSection(SolutionProperties) = preSolution
		HideSolutionNode = FALSE
	EndGlobalSection
	GlobalSection(ExtensibilityGlobals) = postSolution
		SolutionGuid = {3566A04A-CD4A-40CF-97AA-54C8EDAD6603}
	EndGlobalSection
EndGlobal
